
Microsoft Visual Studio Solution File, Format Version 12.00
# Visual Studio Version 17
VisualStudioVersion = 17.6.33829.357
MinimumVisualStudioVersion = 10.0.40219.1
Project("{9A19103F-16F7-4668-BE54-9A1E7A4F7556}") = "Siparis.EntityLayer", "Siparis.EntityLayer\Siparis.EntityLayer.csproj", "{8D95B2BB-8821-4EFD-B092-7E1E32667608}"
EndProject
Project("{9A19103F-16F7-4668-BE54-9A1E7A4F7556}") = "Siparis.DataAccessLayer", "Siparis.DataAccessLayer\Siparis.DataAccessLayer.csproj", "{EA6E6CB8-641F-45E8-9646-FA0904C1C79C}"
EndProject
Project("{9A19103F-16F7-4668-BE54-9A1E7A4F7556}") = "Siparis.BussinessLayer", "Siparis.BussinessLayer\Siparis.BussinessLayer.csproj", "{03FFE02E-D0AE-4E59-B69E-67B64759C613}"
EndProject
Project("{9A19103F-16F7-4668-BE54-9A1E7A4F7556}") = "Siparis.DtoLayer", "Siparis.DtoLayer\Siparis.DtoLayer.csproj", "{8BD9CD1A-4782-44D8-B9CA-05EFB81C89E7}"
EndProject
Project("{9A19103F-16F7-4668-BE54-9A1E7A4F7556}") = "Siparis.Web.Api", "Siparis.Web.Api\Siparis.Web.Api.csproj", "{48155462-A7BE-40E5-8044-FBCB4426CD0F}"
EndProject
Project("{FAE04EC0-301F-11D3-BF4B-00C04F79EFBC}") = "Siparis.Web.UI", "Siparis.Web.UI\Siparis.Web.UI.csproj", "{9147C453-828D-46A8-81EE-E5F481CD1021}"
EndProject
Global
	GlobalSection(SolutionConfigurationPlatforms) = preSolution
		Debug|Any CPU = Debug|Any CPU
		Release|Any CPU = Release|Any CPU
	EndGlobalSection
	GlobalSection(ProjectConfigurationPlatforms) = postSolution
		{8D95B2BB-8821-4EFD-B092-7E1E32667608}.Debug|Any CPU.ActiveCfg = Debug|Any CPU
		{8D95B2BB-8821-4EFD-B092-7E1E32667608}.Debug|Any CPU.Build.0 = Debug|Any CPU
		{8D95B2BB-8821-4EFD-B092-7E1E32667608}.Release|Any CPU.ActiveCfg = Release|Any CPU
		{8D95B2BB-8821-4EFD-B092-7E1E32667608}.Release|Any CPU.Build.0 = Release|Any CPU
		{EA6E6CB8-641F-45E8-9646-FA0904C1C79C}.Debug|Any CPU.ActiveCfg = Debug|Any CPU
		{EA6E6CB8-641F-45E8-9646-FA0904C1C79C}.Debug|Any CPU.Build.0 = Debug|Any CPU
		{EA6E6CB8-641F-45E8-9646-FA0904C1C79C}.Release|Any CPU.ActiveCfg = Release|Any CPU
		{EA6E6CB8-641F-45E8-9646-FA0904C1C79C}.Release|Any CPU.Build.0 = Release|Any CPU
		{03FFE02E-D0AE-4E59-B69E-67B64759C613}.Debug|Any CPU.ActiveCfg = Debug|Any CPU
		{03FFE02E-D0AE-4E59-B69E-67B64759C613}.Debug|Any CPU.Build.0 = Debug|Any CPU
		{03FFE02E-D0AE-4E59-B69E-67B64759C613}.Release|Any CPU.ActiveCfg = Release|Any CPU
		{03FFE02E-D0AE-4E59-B69E-67B64759C613}.Release|Any CPU.Build.0 = Release|Any CPU
		{8BD9CD1A-4782-44D8-B9CA-05EFB81C89E7}.Debug|Any CPU.ActiveCfg = Debug|Any CPU
		{8BD9CD1A-4782-44D8-B9CA-05EFB81C89E7}.Debug|Any CPU.Build.0 = Debug|Any CPU
		{8BD9CD1A-4782-44D8-B9CA-05EFB81C89E7}.Release|Any CPU.ActiveCfg = Release|Any CPU
		{8BD9CD1A-4782-44D8-B9CA-05EFB81C89E7}.Release|Any CPU.Build.0 = Release|Any CPU
		{48155462-A7BE-40E5-8044-FBCB4426CD0F}.Debug|Any CPU.ActiveCfg = Debug|Any CPU
		{48155462-A7BE-40E5-8044-FBCB4426CD0F}.Debug|Any CPU.Build.0 = Debug|Any CPU
		{48155462-A7BE-40E5-8044-FBCB4426CD0F}.Release|Any CPU.ActiveCfg = Release|Any CPU
		{48155462-A7BE-40E5-8044-FBCB4426CD0F}.Release|Any CPU.Build.0 = Release|Any CPU
		{9147C453-828D-46A8-81EE-E5F481CD1021}.Debug|Any CPU.ActiveCfg = Debug|Any CPU
		{9147C453-828D-46A8-81EE-E5F481CD1021}.Debug|Any CPU.Build.0 = Debug|Any CPU
		{9147C453-828D-46A8-81EE-E5F481CD1021}.Release|Any CPU.ActiveCfg = Release|Any CPU
		{9147C453-828D-46A8-81EE-E5F481CD1021}.Release|Any CPU.Build.0 = Release|Any CPU
	EndGlobalSection
	GlobalSection(SolutionProperties) = preSolution
		HideSolutionNode = FALSE
	EndGlobalSection
	GlobalSection(ExtensibilityGlobals) = postSolution
		SolutionGuid = {F29E5283-3F29-4DB9-976B-D1723EEB4A10}
	EndGlobalSection
EndGlobal
